
Microsoft Visual Studio Solution File, Format Version 12.00
# Visual Studio 15
VisualStudioVersion = 15.0.28307.438
MinimumVisualStudioVersion = 10.0.40219.1
Project("{FAE04EC0-301F-11D3-BF4B-00C04F79EFBC}") = "AppGiveUID", "AppGiveUID\AppGiveUID.csproj", "{68F9B883-A16F-43D3-925F-C729FB843462}"
EndProject
Global
	GlobalSection(SolutionConfigurationPlatforms) = preSolution
		Debug|Any CPU = Debug|Any CPU
		Release|Any CPU = Release|Any CPU
	EndGlobalSection
	GlobalSection(ProjectConfigurationPlatforms) = postSolution
		{68F9B883-A16F-43D3-925F-C729FB843462}.Debug|Any CPU.ActiveCfg = Debug|Any CPU
		{68F9B883-A16F-43D3-925F-C729FB843462}.Debug|Any CPU.Build.0 = Debug|Any CPU
		{68F9B883-A16F-43D3-925F-C729FB843462}.Release|Any CPU.ActiveCfg = Release|Any CPU
		{68F9B883-A16F-43D3-925F-C729FB843462}.Release|Any CPU.Build.0 = Release|Any CPU
	EndGlobalSection
	GlobalSection(SolutionProperties) = preSolution
		HideSolutionNode = FALSE
	EndGlobalSection
	GlobalSection(ExtensibilityGlobals) = postSolution
		SolutionGuid = {D72CE813-8BAC-4103-A32F-E51CA9CF7F15}
	EndGlobalSection
EndGlobal
